
Microsoft Visual Studio Solution File, Format Version 12.00
# Visual Studio 16
Project("{FAE04EC0-301F-11D3-BF4B-00C04F79EFBC}") = "Assembly-CSharp-firstpass", "Assembly-CSharp-firstpass.csproj", "{C47AEF1B-EC72-FA5B-E0DD-3D31412F81F7}"
EndProject
Project("{FAE04EC0-301F-11D3-BF4B-00C04F79EFBC}") = "Assembly-CSharp", "Assembly-CSharp.csproj", "{18C54BBF-7DED-0515-A872-B6EDC27A764E}"
EndProject
Project("{FAE04EC0-301F-11D3-BF4B-00C04F79EFBC}") = "Assembly-CSharp-Editor-firstpass", "Assembly-CSharp-Editor-firstpass.csproj", "{87C9A39D-9688-00C5-563D-69C002ECC1EB}"
EndProject
Global
	GlobalSection(SolutionConfigurationPlatforms) = preSolution
		Debug|Any CPU = Debug|Any CPU
		Release|Any CPU = Release|Any CPU
	EndGlobalSection
	GlobalSection(ProjectConfigurationPlatforms) = postSolution
		{C47AEF1B-EC72-FA5B-E0DD-3D31412F81F7}.Debug|Any CPU.ActiveCfg = Debug|Any CPU
		{C47AEF1B-EC72-FA5B-E0DD-3D31412F81F7}.Debug|Any CPU.Build.0 = Debug|Any CPU
		{C47AEF1B-EC72-FA5B-E0DD-3D31412F81F7}.Release|Any CPU.ActiveCfg = Release|Any CPU
		{C47AEF1B-EC72-FA5B-E0DD-3D31412F81F7}.Release|Any CPU.Build.0 = Release|Any CPU
		{18C54BBF-7DED-0515-A872-B6EDC27A764E}.Debug|Any CPU.ActiveCfg = Debug|Any CPU
		{18C54BBF-7DED-0515-A872-B6EDC27A764E}.Debug|Any CPU.Build.0 = Debug|Any CPU
		{18C54BBF-7DED-0515-A872-B6EDC27A764E}.Release|Any CPU.ActiveCfg = Release|Any CPU
		{18C54BBF-7DED-0515-A872-B6EDC27A764E}.Release|Any CPU.Build.0 = Release|Any CPU
		{87C9A39D-9688-00C5-563D-69C002ECC1EB}.Debug|Any CPU.ActiveCfg = Debug|Any CPU
		{87C9A39D-9688-00C5-563D-69C002ECC1EB}.Debug|Any CPU.Build.0 = Debug|Any CPU
		{87C9A39D-9688-00C5-563D-69C002ECC1EB}.Release|Any CPU.ActiveCfg = Release|Any CPU
		{87C9A39D-9688-00C5-563D-69C002ECC1EB}.Release|Any CPU.Build.0 = Release|Any CPU
	EndGlobalSection
	GlobalSection(SolutionProperties) = preSolution
		HideSolutionNode = FALSE
	EndGlobalSection
EndGlobal
